
Microsoft Visual Studio Solution File, Format Version 12.00
# Visual Studio Version 17
VisualStudioVersion = 17.8.34408.163
MinimumVisualStudioVersion = 10.0.40219.1
Project("{FAE04EC0-301F-11D3-BF4B-00C04F79EFBC}") = "PersonelMVC", "PersonelMVC.csproj", "{923FB4AE-0865-4873-BFF4-299A170DB239}"
EndProject
Global
	GlobalSection(SolutionConfigurationPlatforms) = preSolution
		Debug|Any CPU = Debug|Any CPU
		Release|Any CPU = Release|Any CPU
	EndGlobalSection
	GlobalSection(ProjectConfigurationPlatforms) = postSolution
		{923FB4AE-0865-4873-BFF4-299A170DB239}.Debug|Any CPU.ActiveCfg = Debug|Any CPU
		{923FB4AE-0865-4873-BFF4-299A170DB239}.Debug|Any CPU.Build.0 = Debug|Any CPU
		{923FB4AE-0865-4873-BFF4-299A170DB239}.Release|Any CPU.ActiveCfg = Release|Any CPU
		{923FB4AE-0865-4873-BFF4-299A170DB239}.Release|Any CPU.Build.0 = Release|Any CPU
	EndGlobalSection
	GlobalSection(SolutionProperties) = preSolution
		HideSolutionNode = FALSE
	EndGlobalSection
	GlobalSection(ExtensibilityGlobals) = postSolution
		SolutionGuid = {EDFA55DC-49D7-44B6-8E3E-4B0C3D896556}
	EndGlobalSection
EndGlobal
